
Microsoft Visual Studio Solution File, Format Version 12.00
# Visual Studio 15
VisualStudioVersion = 15.0.26430.12
MinimumVisualStudioVersion = 10.0.40219.1
Project("{FAE04EC0-301F-11D3-BF4B-00C04F79EFBC}") = "IyibankAppService.Models", "IyibankAppService.Models\IyibankAppService.Models.csproj", "{C2014A05-8344-4D3D-A936-5D26E4897E24}"
EndProject
Project("{FAE04EC0-301F-11D3-BF4B-00C04F79EFBC}") = "IyibankAppService.Utils", "IyibankAppService.Utils\IyibankAppService.Utils.csproj", "{1BEB021F-5208-40DC-86ED-50D4D910363A}"
EndProject
Project("{FAE04EC0-301F-11D3-BF4B-00C04F79EFBC}") = "IyibankAppService.ApiService", "IyibankAppService.ApiService\IyibankAppService.ApiService.csproj", "{EA74B33C-D5AD-4DAF-8477-AEA29DB4A1ED}"
EndProject
Project("{FAE04EC0-301F-11D3-BF4B-00C04F79EFBC}") = "IyibankAppService.Data", "IyibankAppService.Data\IyibankAppService.Data.csproj", "{D500362B-206B-41E7-BFE7-81A7DD72A0F7}"
EndProject
Project("{FAE04EC0-301F-11D3-BF4B-00C04F79EFBC}") = "IyibankAppService.WebPortal", "IyibankAppService.WebPortal\IyibankAppService.WebPortal.csproj", "{D02BFD4A-B234-49C2-9057-3C3076D12FE7}"
EndProject
Project("{FAE04EC0-301F-11D3-BF4B-00C04F79EFBC}") = "IyibankAppService.WebAPI", "IyibankAppService.WebAPI\IyibankAppService.WebAPI.csproj", "{EE03B2C9-B475-420B-B137-A176E9497A1E}"
EndProject
Global
	GlobalSection(SolutionConfigurationPlatforms) = preSolution
		Debug|Any CPU = Debug|Any CPU
		Release|Any CPU = Release|Any CPU
	EndGlobalSection
	GlobalSection(ProjectConfigurationPlatforms) = postSolution
		{C2014A05-8344-4D3D-A936-5D26E4897E24}.Debug|Any CPU.ActiveCfg = Debug|Any CPU
		{C2014A05-8344-4D3D-A936-5D26E4897E24}.Debug|Any CPU.Build.0 = Debug|Any CPU
		{C2014A05-8344-4D3D-A936-5D26E4897E24}.Release|Any CPU.ActiveCfg = Release|Any CPU
		{C2014A05-8344-4D3D-A936-5D26E4897E24}.Release|Any CPU.Build.0 = Release|Any CPU
		{1BEB021F-5208-40DC-86ED-50D4D910363A}.Debug|Any CPU.ActiveCfg = Debug|Any CPU
		{1BEB021F-5208-40DC-86ED-50D4D910363A}.Debug|Any CPU.Build.0 = Debug|Any CPU
		{1BEB021F-5208-40DC-86ED-50D4D910363A}.Release|Any CPU.ActiveCfg = Release|Any CPU
		{1BEB021F-5208-40DC-86ED-50D4D910363A}.Release|Any CPU.Build.0 = Release|Any CPU
		{EA74B33C-D5AD-4DAF-8477-AEA29DB4A1ED}.Debug|Any CPU.ActiveCfg = Debug|Any CPU
		{EA74B33C-D5AD-4DAF-8477-AEA29DB4A1ED}.Debug|Any CPU.Build.0 = Debug|Any CPU
		{EA74B33C-D5AD-4DAF-8477-AEA29DB4A1ED}.Release|Any CPU.ActiveCfg = Release|Any CPU
		{EA74B33C-D5AD-4DAF-8477-AEA29DB4A1ED}.Release|Any CPU.Build.0 = Release|Any CPU
		{D500362B-206B-41E7-BFE7-81A7DD72A0F7}.Debug|Any CPU.ActiveCfg = Debug|Any CPU
		{D500362B-206B-41E7-BFE7-81A7DD72A0F7}.Debug|Any CPU.Build.0 = Debug|Any CPU
		{D500362B-206B-41E7-BFE7-81A7DD72A0F7}.Release|Any CPU.ActiveCfg = Release|Any CPU
		{D500362B-206B-41E7-BFE7-81A7DD72A0F7}.Release|Any CPU.Build.0 = Release|Any CPU
		{D02BFD4A-B234-49C2-9057-3C3076D12FE7}.Debug|Any CPU.ActiveCfg = Debug|Any CPU
		{D02BFD4A-B234-49C2-9057-3C3076D12FE7}.Debug|Any CPU.Build.0 = Debug|Any CPU
		{D02BFD4A-B234-49C2-9057-3C3076D12FE7}.Release|Any CPU.ActiveCfg = Release|Any CPU
		{D02BFD4A-B234-49C2-9057-3C3076D12FE7}.Release|Any CPU.Build.0 = Release|Any CPU
		{EE03B2C9-B475-420B-B137-A176E9497A1E}.Debug|Any CPU.ActiveCfg = Debug|Any CPU
		{EE03B2C9-B475-420B-B137-A176E9497A1E}.Debug|Any CPU.Build.0 = Debug|Any CPU
		{EE03B2C9-B475-420B-B137-A176E9497A1E}.Release|Any CPU.ActiveCfg = Release|Any CPU
		{EE03B2C9-B475-420B-B137-A176E9497A1E}.Release|Any CPU.Build.0 = Release|Any CPU
	EndGlobalSection
	GlobalSection(SolutionProperties) = preSolution
		HideSolutionNode = FALSE
	EndGlobalSection
EndGlobal
